
Microsoft Visual Studio Solution File, Format Version 12.00
# Visual Studio 15
VisualStudioVersion = 15.0.28307.329
MinimumVisualStudioVersion = 10.0.40219.1
Project("{FAE04EC0-301F-11D3-BF4B-00C04F79EFBC}") = "StabilitySample", "StabilitySample\StabilitySample.csproj", "{023FBEBD-BD44-4567-9077-76389FE8DE96}"
EndProject
Global
	GlobalSection(SolutionConfigurationPlatforms) = preSolution
		Debug|Any CPU = Debug|Any CPU
		Release|Any CPU = Release|Any CPU
	EndGlobalSection
	GlobalSection(ProjectConfigurationPlatforms) = postSolution
		{023FBEBD-BD44-4567-9077-76389FE8DE96}.Debug|Any CPU.ActiveCfg = Debug|Any CPU
		{023FBEBD-BD44-4567-9077-76389FE8DE96}.Debug|Any CPU.Build.0 = Debug|Any CPU
		{023FBEBD-BD44-4567-9077-76389FE8DE96}.Release|Any CPU.ActiveCfg = Release|Any CPU
		{023FBEBD-BD44-4567-9077-76389FE8DE96}.Release|Any CPU.Build.0 = Release|Any CPU
	EndGlobalSection
	GlobalSection(SolutionProperties) = preSolution
		HideSolutionNode = FALSE
	EndGlobalSection
	GlobalSection(ExtensibilityGlobals) = postSolution
		SolutionGuid = {40788CE1-0E03-40A5-9A5E-8D2D7F57FC92}
	EndGlobalSection
EndGlobal
