
Microsoft Visual Studio Solution File, Format Version 12.00
# Visual Studio 15
VisualStudioVersion = 15.0.28307.779
MinimumVisualStudioVersion = 10.0.40219.1
Project("{FAE04EC0-301F-11D3-BF4B-00C04F79EFBC}") = "ConditionCheckSample", "ConditionCheckSample\ConditionCheckSample.csproj", "{0931A79E-3F21-4171-9F3A-AD93C82892A1}"
EndProject
Project("{9A19103F-16F7-4668-BE54-9A1E7A4F7556}") = "MACS3.Connected.SDK.Core", "..\..\Macs3.Connected.SDK.Core\MACS3.Connected.SDK.Core.csproj", "{1F05AFF3-7160-46FB-B899-22C6B06DAC1A}"
EndProject
Project("{9A19103F-16F7-4668-BE54-9A1E7A4F7556}") = "MACS3.Connected.SDK.ConditionCheck", "..\..\MACS3.Connected.SDK.ConditionCheck\MACS3.Connected.SDK.ConditionCheck.csproj", "{805AE634-4A4D-42AF-BEFD-C40EDF3FD120}"
EndProject
Global
	GlobalSection(SolutionConfigurationPlatforms) = preSolution
		Debug|Any CPU = Debug|Any CPU
		Release|Any CPU = Release|Any CPU
	EndGlobalSection
	GlobalSection(ProjectConfigurationPlatforms) = postSolution
		{0931A79E-3F21-4171-9F3A-AD93C82892A1}.Debug|Any CPU.ActiveCfg = Debug|Any CPU
		{0931A79E-3F21-4171-9F3A-AD93C82892A1}.Debug|Any CPU.Build.0 = Debug|Any CPU
		{0931A79E-3F21-4171-9F3A-AD93C82892A1}.Release|Any CPU.ActiveCfg = Release|Any CPU
		{0931A79E-3F21-4171-9F3A-AD93C82892A1}.Release|Any CPU.Build.0 = Release|Any CPU
		{1F05AFF3-7160-46FB-B899-22C6B06DAC1A}.Debug|Any CPU.ActiveCfg = Debug|Any CPU
		{1F05AFF3-7160-46FB-B899-22C6B06DAC1A}.Debug|Any CPU.Build.0 = Debug|Any CPU
		{1F05AFF3-7160-46FB-B899-22C6B06DAC1A}.Release|Any CPU.ActiveCfg = Release|Any CPU
		{1F05AFF3-7160-46FB-B899-22C6B06DAC1A}.Release|Any CPU.Build.0 = Release|Any CPU
		{805AE634-4A4D-42AF-BEFD-C40EDF3FD120}.Debug|Any CPU.ActiveCfg = Debug|Any CPU
		{805AE634-4A4D-42AF-BEFD-C40EDF3FD120}.Debug|Any CPU.Build.0 = Debug|Any CPU
		{805AE634-4A4D-42AF-BEFD-C40EDF3FD120}.Release|Any CPU.ActiveCfg = Release|Any CPU
		{805AE634-4A4D-42AF-BEFD-C40EDF3FD120}.Release|Any CPU.Build.0 = Release|Any CPU
	EndGlobalSection
	GlobalSection(SolutionProperties) = preSolution
		HideSolutionNode = FALSE
	EndGlobalSection
	GlobalSection(ExtensibilityGlobals) = postSolution
		SolutionGuid = {77C4E2E4-545A-41B2-ABB0-362759312FCE}
	EndGlobalSection
EndGlobal
